// !$*UTF8*$!
{
	archiveVersion = 1;
	classes = {
	};
	objectVersion = 56;
	objects = {

/* Begin PBXBuildFile section */
		B0BB5A8C2BBB547C001B2427 /* DessertRecipesApp.swift in Sources */ = {isa = PBXBuildFile; fileRef = B0BB5A8B2BBB547C001B2427 /* DessertRecipesApp.swift */; };
		B0BB5A8E2BBB547C001B2427 /* DessertList.swift in Sources */ = {isa = PBXBuildFile; fileRef = B0BB5A8D2BBB547C001B2427 /* DessertList.swift */; };
		B0BB5A922BBB547F001B2427 /* Assets.xcassets in Resources */ = {isa = PBXBuildFile; fileRef = B0BB5A912BBB547F001B2427 /* Assets.xcassets */; };
		B0BB5A962BBB547F001B2427 /* Preview Assets.xcassets in Resources */ = {isa = PBXBuildFile; fileRef = B0BB5A952BBB547F001B2427 /* Preview Assets.xcassets */; };
		B0BB5A9E2BBB5647001B2427 /* Dessert.swift in Sources */ = {isa = PBXBuildFile; fileRef = B0BB5A9D2BBB5647001B2427 /* Dessert.swift */; };
		B0BB5AA12BBB58AA001B2427 /* ListCell.swift in Sources */ = {isa = PBXBuildFile; fileRef = B0BB5AA02BBB58AA001B2427 /* ListCell.swift */; };
		B0BB5AA32BBB59BA001B2427 /* CacheAsyncImage.swift in Sources */ = {isa = PBXBuildFile; fileRef = B0BB5AA22BBB59BA001B2427 /* CacheAsyncImage.swift */; };
		B0BF998E2BBC919200818F05 /* RequestProtocol.swift in Sources */ = {isa = PBXBuildFile; fileRef = B0BF998D2BBC919200818F05 /* RequestProtocol.swift */; };
		B0BF99912BBC91CB00818F05 /* SessionManager.swift in Sources */ = {isa = PBXBuildFile; fileRef = B0BF99902BBC91CB00818F05 /* SessionManager.swift */; };
		B0BF99932BBC91EC00818F05 /* DessertsRequest.swift in Sources */ = {isa = PBXBuildFile; fileRef = B0BF99922BBC91EC00818F05 /* DessertsRequest.swift */; };
		B0BF99952BBC981700818F05 /* RecipeDetailView.swift in Sources */ = {isa = PBXBuildFile; fileRef = B0BF99942BBC981700818F05 /* RecipeDetailView.swift */; };
		B0BF99992BBC9AC300818F05 /* Recipe.swift in Sources */ = {isa = PBXBuildFile; fileRef = B0BF99982BBC9AC300818F05 /* Recipe.swift */; };
		B0BF999B2BBCB13400818F05 /* Ingredient.swift in Sources */ = {isa = PBXBuildFile; fileRef = B0BF999A2BBCB13400818F05 /* Ingredient.swift */; };
/* End PBXBuildFile section */

/* Begin PBXFileReference section */
		B0BB5A882BBB547C001B2427 /* DessertRecipes.app */ = {isa = PBXFileReference; explicitFileType = wrapper.application; includeInIndex = 0; path = DessertRecipes.app; sourceTree = BUILT_PRODUCTS_DIR; };
		B0BB5A8B2BBB547C001B2427 /* DessertRecipesApp.swift */ = {isa = PBXFileReference; lastKnownFileType = sourcecode.swift; path = DessertRecipesApp.swift; sourceTree = "<group>"; };
		B0BB5A8D2BBB547C001B2427 /* DessertList.swift */ = {isa = PBXFileReference; lastKnownFileType = sourcecode.swift; path = DessertList.swift; sourceTree = "<group>"; };
		B0BB5A912BBB547F001B2427 /* Assets.xcassets */ = {isa = PBXFileReference; lastKnownFileType = folder.assetcatalog; path = Assets.xcassets; sourceTree = "<group>"; };
		B0BB5A932BBB547F001B2427 /* DessertRecipes.entitlements */ = {isa = PBXFileReference; lastKnownFileType = text.plist.entitlements; path = DessertRecipes.entitlements; sourceTree = "<group>"; };
		B0BB5A952BBB547F001B2427 /* Preview Assets.xcassets */ = {isa = PBXFileReference; lastKnownFileType = folder.assetcatalog; path = "Preview Assets.xcassets"; sourceTree = "<group>"; };
		B0BB5A9D2BBB5647001B2427 /* Dessert.swift */ = {isa = PBXFileReference; lastKnownFileType = sourcecode.swift; path = Dessert.swift; sourceTree = "<group>"; };
		B0BB5AA02BBB58AA001B2427 /* ListCell.swift */ = {isa = PBXFileReference; lastKnownFileType = sourcecode.swift; path = ListCell.swift; sourceTree = "<group>"; };
		B0BB5AA22BBB59BA001B2427 /* CacheAsyncImage.swift */ = {isa = PBXFileReference; lastKnownFileType = sourcecode.swift; path = CacheAsyncImage.swift; sourceTree = "<group>"; };
		B0BF998D2BBC919200818F05 /* RequestProtocol.swift */ = {isa = PBXFileReference; lastKnownFileType = sourcecode.swift; path = RequestProtocol.swift; sourceTree = "<group>"; };
		B0BF99902BBC91CB00818F05 /* SessionManager.swift */ = {isa = PBXFileReference; lastKnownFileType = sourcecode.swift; path = SessionManager.swift; sourceTree = "<group>"; };
		B0BF99922BBC91EC00818F05 /* DessertsRequest.swift */ = {isa = PBXFileReference; lastKnownFileType = sourcecode.swift; path = DessertsRequest.swift; sourceTree = "<group>"; };
		B0BF99942BBC981700818F05 /* RecipeDetailView.swift */ = {isa = PBXFileReference; lastKnownFileType = sourcecode.swift; path = RecipeDetailView.swift; sourceTree = "<group>"; };
		B0BF99982BBC9AC300818F05 /* Recipe.swift */ = {isa = PBXFileReference; lastKnownFileType = sourcecode.swift; path = Recipe.swift; sourceTree = "<group>"; };
		B0BF999A2BBCB13400818F05 /* Ingredient.swift */ = {isa = PBXFileReference; lastKnownFileType = sourcecode.swift; path = Ingredient.swift; sourceTree = "<group>"; };
/* End PBXFileReference section */

/* Begin PBXFrameworksBuildPhase section */
		B0BB5A852BBB547C001B2427 /* Frameworks */ = {
			isa = PBXFrameworksBuildPhase;
			buildActionMask = 2147483647;
			files = (
			);
			runOnlyForDeploymentPostprocessing = 0;
		};
/* End PBXFrameworksBuildPhase section */

/* Begin PBXGroup section */
		B0BB5A7F2BBB547C001B2427 = {
			isa = PBXGroup;
			children = (
				B0BB5A8A2BBB547C001B2427 /* DessertRecipes */,
				B0BB5A892BBB547C001B2427 /* Products */,
			);
			sourceTree = "<group>";
		};
		B0BB5A892BBB547C001B2427 /* Products */ = {
			isa = PBXGroup;
			children = (
				B0BB5A882BBB547C001B2427 /* DessertRecipes.app */,
			);
			name = Products;
			sourceTree = "<group>";
		};
		B0BB5A8A2BBB547C001B2427 /* DessertRecipes */ = {
			isa = PBXGroup;
			children = (
				B0BF998F2BBC91B900818F05 /* Network */,
				B0BF998C2BBC914E00818F05 /* Request */,
				B0BB5A9F2BBB56FA001B2427 /* Views */,
				B0BB5A9C2BBB5628001B2427 /* Model */,
				B0BB5A8B2BBB547C001B2427 /* DessertRecipesApp.swift */,
				B0BB5A912BBB547F001B2427 /* Assets.xcassets */,
				B0BB5A932BBB547F001B2427 /* DessertRecipes.entitlements */,
				B0BB5A942BBB547F001B2427 /* Preview Content */,
			);
			path = DessertRecipes;
			sourceTree = "<group>";
		};
		B0BB5A942BBB547F001B2427 /* Preview Content */ = {
			isa = PBXGroup;
			children = (
				B0BB5A952BBB547F001B2427 /* Preview Assets.xcassets */,
			);
			path = "Preview Content";
			sourceTree = "<group>";
		};
		B0BB5A9C2BBB5628001B2427 /* Model */ = {
			isa = PBXGroup;
			children = (
				B0BB5A9D2BBB5647001B2427 /* Dessert.swift */,
				B0BF99982BBC9AC300818F05 /* Recipe.swift */,
				B0BF999A2BBCB13400818F05 /* Ingredient.swift */,
			);
			path = Model;
			sourceTree = "<group>";
		};
		B0BB5A9F2BBB56FA001B2427 /* Views */ = {
			isa = PBXGroup;
			children = (
				B0BB5A8D2BBB547C001B2427 /* DessertList.swift */,
				B0BF99942BBC981700818F05 /* RecipeDetailView.swift */,
				B0BB5AA02BBB58AA001B2427 /* ListCell.swift */,
				B0BB5AA22BBB59BA001B2427 /* CacheAsyncImage.swift */,
			);
			path = Views;
			sourceTree = "<group>";
		};
		B0BF998C2BBC914E00818F05 /* Request */ = {
			isa = PBXGroup;
			children = (
				B0BF998D2BBC919200818F05 /* RequestProtocol.swift */,
			);
			path = Request;
			sourceTree = "<group>";
		};
		B0BF998F2BBC91B900818F05 /* Network */ = {
			isa = PBXGroup;
			children = (
				B0BF99902BBC91CB00818F05 /* SessionManager.swift */,
				B0BF99922BBC91EC00818F05 /* DessertsRequest.swift */,
			);
			path = Network;
			sourceTree = "<group>";
		};
/* End PBXGroup section */

/* Begin PBXNativeTarget section */
		B0BB5A872BBB547C001B2427 /* DessertRecipes */ = {
			isa = PBXNativeTarget;
			buildConfigurationList = B0BB5A992BBB547F001B2427 /* Build configuration list for PBXNativeTarget "DessertRecipes" */;
			buildPhases = (
				B0BB5A842BBB547C001B2427 /* Sources */,
				B0BB5A852BBB547C001B2427 /* Frameworks */,
				B0BB5A862BBB547C001B2427 /* Resources */,
			);
			buildRules = (
			);
			dependencies = (
			);
			name = DessertRecipes;
			productName = DessertRecipes;
			productReference = B0BB5A882BBB547C001B2427 /* DessertRecipes.app */;
			productType = "com.apple.product-type.application";
		};
/* End PBXNativeTarget section */

/* Begin PBXProject section */
		B0BB5A802BBB547C001B2427 /* Project object */ = {
			isa = PBXProject;
			attributes = {
				BuildIndependentTargetsInParallel = 1;
				LastSwiftUpdateCheck = 1520;
				LastUpgradeCheck = 1520;
				TargetAttributes = {
					B0BB5A872BBB547C001B2427 = {
						CreatedOnToolsVersion = 15.2;
					};
				};
			};
			buildConfigurationList = B0BB5A832BBB547C001B2427 /* Build configuration list for PBXProject "DessertRecipes" */;
			compatibilityVersion = "Xcode 14.0";
			developmentRegion = en;
			hasScannedForEncodings = 0;
			knownRegions = (
				en,
				Base,
			);
			mainGroup = B0BB5A7F2BBB547C001B2427;
			productRefGroup = B0BB5A892BBB547C001B2427 /* Products */;
			projectDirPath = "";
			projectRoot = "";
			targets = (
				B0BB5A872BBB547C001B2427 /* DessertRecipes */,
			);
		};
/* End PBXProject section */

/* Begin PBXResourcesBuildPhase section */
		B0BB5A862BBB547C001B2427 /* Resources */ = {
			isa = PBXResourcesBuildPhase;
			buildActionMask = 2147483647;
			files = (
				B0BB5A962BBB547F001B2427 /* Preview Assets.xcassets in Resources */,
				B0BB5A922BBB547F001B2427 /* Assets.xcassets in Resources */,
			);
			runOnlyForDeploymentPostprocessing = 0;
		};
/* End PBXResourcesBuildPhase section */

/* Begin PBXSourcesBuildPhase section */
		B0BB5A842BBB547C001B2427 /* Sources */ = {
			isa = PBXSourcesBuildPhase;
			buildActionMask = 2147483647;
			files = (
				B0BB5A8E2BBB547C001B2427 /* DessertList.swift in Sources */,
				B0BB5AA12BBB58AA001B2427 /* ListCell.swift in Sources */,
				B0BB5A9E2BBB5647001B2427 /* Dessert.swift in Sources */,
				B0BF998E2BBC919200818F05 /* RequestProtocol.swift in Sources */,
				B0BB5AA32BBB59BA001B2427 /* CacheAsyncImage.swift in Sources */,
				B0BB5A8C2BBB547C001B2427 /* DessertRecipesApp.swift in Sources */,
				B0BF99932BBC91EC00818F05 /* DessertsRequest.swift in Sources */,
				B0BF99912BBC91CB00818F05 /* SessionManager.swift in Sources */,
				B0BF99952BBC981700818F05 /* RecipeDetailView.swift in Sources */,
				B0BF99992BBC9AC300818F05 /* Recipe.swift in Sources */,
				B0BF999B2BBCB13400818F05 /* Ingredient.swift in Sources */,
			);
			runOnlyForDeploymentPostprocessing = 0;
		};
/* End PBXSourcesBuildPhase section */

/* Begin XCBuildConfiguration section */
		B0BB5A972BBB547F001B2427 /* Debug */ = {
			isa = XCBuildConfiguration;
			buildSettings = {
				ALWAYS_SEARCH_USER_PATHS = NO;
				ASSETCATALOG_COMPILER_GENERATE_SWIFT_ASSET_SYMBOL_EXTENSIONS = YES;
				CLANG_ANALYZER_NONNULL = YES;
				CLANG_ANALYZER_NUMBER_OBJECT_CONVERSION = YES_AGGRESSIVE;
				CLANG_CXX_LANGUAGE_STANDARD = "gnu++20";
				CLANG_ENABLE_MODULES = YES;
				CLANG_ENABLE_OBJC_ARC = YES;
				CLANG_ENABLE_OBJC_WEAK = YES;
				CLANG_WARN_BLOCK_CAPTURE_AUTORELEASING = YES;
				CLANG_WARN_BOOL_CONVERSION = YES;
				CLANG_WARN_COMMA = YES;
				CLANG_WARN_CONSTANT_CONVERSION = YES;
				CLANG_WARN_DEPRECATED_OBJC_IMPLEMENTATIONS = YES;
				CLANG_WARN_DIRECT_OBJC_ISA_USAGE = YES_ERROR;
				CLANG_WARN_DOCUMENTATION_COMMENTS = YES;
				CLANG_WARN_EMPTY_BODY = YES;
				CLANG_WARN_ENUM_CONVERSION = YES;
				CLANG_WARN_INFINITE_RECURSION = YES;
				CLANG_WARN_INT_CONVERSION = YES;
				CLANG_WARN_NON_LITERAL_NULL_CONVERSION = YES;
				CLANG_WARN_OBJC_IMPLICIT_RETAIN_SELF = YES;
				CLANG_WARN_OBJC_LITERAL_CONVERSION = YES;
				CLANG_WARN_OBJC_ROOT_CLASS = YES_ERROR;
				CLANG_WARN_QUOTED_INCLUDE_IN_FRAMEWORK_HEADER = YES;
				CLANG_WARN_RANGE_LOOP_ANALYSIS = YES;
				CLANG_WARN_STRICT_PROTOTYPES = YES;
				CLANG_WARN_SUSPICIOUS_MOVE = YES;
				CLANG_WARN_UNGUARDED_AVAILABILITY = YES_AGGRESSIVE;
				CLANG_WARN_UNREACHABLE_CODE = YES;
				CLANG_WARN__DUPLICATE_METHOD_MATCH = YES;
				COPY_PHASE_STRIP = NO;
				DEBUG_INFORMATION_FORMAT = dwarf;
				ENABLE_STRICT_OBJC_MSGSEND = YES;
				ENABLE_TESTABILITY = YES;
				ENABLE_USER_SCRIPT_SANDBOXING = YES;
				GCC_C_LANGUAGE_STANDARD = gnu17;
				GCC_DYNAMIC_NO_PIC = NO;
				GCC_NO_COMMON_BLOCKS = YES;
				GCC_OPTIMIZATION_LEVEL = 0;
				GCC_PREPROCESSOR_DEFINITIONS = (
					"DEBUG=1",
					"$(inherited)",
				);
				GCC_WARN_64_TO_32_BIT_CONVERSION = YES;
				GCC_WARN_ABOUT_RETURN_TYPE = YES_ERROR;
				GCC_WARN_UNDECLARED_SELECTOR = YES;
				GCC_WARN_UNINITIALIZED_AUTOS = YES_AGGRESSIVE;
				GCC_WARN_UNUSED_FUNCTION = YES;
				GCC_WARN_UNUSED_VARIABLE = YES;
				LOCALIZATION_PREFERS_STRING_CATALOGS = YES;
				MTL_ENABLE_DEBUG_INFO = INCLUDE_SOURCE;
				MTL_FAST_MATH = YES;
				ONLY_ACTIVE_ARCH = YES;
				SWIFT_ACTIVE_COMPILATION_CONDITIONS = "DEBUG $(inherited)";
				SWIFT_OPTIMIZATION_LEVEL = "-Onone";
			};
			name = Debug;
		};
		B0BB5A982BBB547F001B2427 /* Release */ = {
			isa = XCBuildConfiguration;
			buildSettings = {
				ALWAYS_SEARCH_USER_PATHS = NO;
				ASSETCATALOG_COMPILER_GENERATE_SWIFT_ASSET_SYMBOL_EXTENSIONS = YES;
				CLANG_ANALYZER_NONNULL = YES;
				CLANG_ANALYZER_NUMBER_OBJECT_CONVERSION = YES_AGGRESSIVE;
				CLANG_CXX_LANGUAGE_STANDARD = "gnu++20";
				CLANG_ENABLE_MODULES = YES;
				CLANG_ENABLE_OBJC_ARC = YES;
				CLANG_ENABLE_OBJC_WEAK = YES;
				CLANG_WARN_BLOCK_CAPTURE_AUTORELEASING = YES;
				CLANG_WARN_BOOL_CONVERSION = YES;
				CLANG_WARN_COMMA = YES;
				CLANG_WARN_CONSTANT_CONVERSION = YES;
				CLANG_WARN_DEPRECATED_OBJC_IMPLEMENTATIONS = YES;
				CLANG_WARN_DIRECT_OBJC_ISA_USAGE = YES_ERROR;
				CLANG_WARN_DOCUMENTATION_COMMENTS = YES;
				CLANG_WARN_EMPTY_BODY = YES;
				CLANG_WARN_ENUM_CONVERSION = YES;
				CLANG_WARN_INFINITE_RECURSION = YES;
				CLANG_WARN_INT_CONVERSION = YES;
				CLANG_WARN_NON_LITERAL_NULL_CONVERSION = YES;
				CLANG_WARN_OBJC_IMPLICIT_RETAIN_SELF = YES;
				CLANG_WARN_OBJC_LITERAL_CONVERSION = YES;
				CLANG_WARN_OBJC_ROOT_CLASS = YES_ERROR;
				CLANG_WARN_QUOTED_INCLUDE_IN_FRAMEWORK_HEADER = YES;
				CLANG_WARN_RANGE_LOOP_ANALYSIS = YES;
				CLANG_WARN_STRICT_PROTOTYPES = YES;
				CLANG_WARN_SUSPICIOUS_MOVE = YES;
				CLANG_WARN_UNGUARDED_AVAILABILITY = YES_AGGRESSIVE;
				CLANG_WARN_UNREACHABLE_CODE = YES;
				CLANG_WARN__DUPLICATE_METHOD_MATCH = YES;
				COPY_PHASE_STRIP = NO;
				DEBUG_INFORMATION_FORMAT = "dwarf-with-dsym";
				ENABLE_NS_ASSERTIONS = NO;
				ENABLE_STRICT_OBJC_MSGSEND = YES;
				ENABLE_USER_SCRIPT_SANDBOXING = YES;
				GCC_C_LANGUAGE_STANDARD = gnu17;
				GCC_NO_COMMON_BLOCKS = YES;
				GCC_WARN_64_TO_32_BIT_CONVERSION = YES;
				GCC_WARN_ABOUT_RETURN_TYPE = YES_ERROR;
				GCC_WARN_UNDECLARED_SELECTOR = YES;
				GCC_WARN_UNINITIALIZED_AUTOS = YES_AGGRESSIVE;
				GCC_WARN_UNUSED_FUNCTION = YES;
				GCC_WARN_UNUSED_VARIABLE = YES;
				LOCALIZATION_PREFERS_STRING_CATALOGS = YES;
				MTL_ENABLE_DEBUG_INFO = NO;
				MTL_FAST_MATH = YES;
				SWIFT_COMPILATION_MODE = wholemodule;
			};
			name = Release;
		};
		B0BB5A9A2BBB547F001B2427 /* Debug */ = {
			isa = XCBuildConfiguration;
			buildSettings = {
				ASSETCATALOG_COMPILER_APPICON_NAME = AppIcon;
				ASSETCATALOG_COMPILER_GLOBAL_ACCENT_COLOR_NAME = AccentColor;
				CODE_SIGN_ENTITLEMENTS = DessertRecipes/DessertRecipes.entitlements;
				CODE_SIGN_STYLE = Automatic;
				CURRENT_PROJECT_VERSION = 1;
				DEVELOPMENT_ASSET_PATHS = "\"DessertRecipes/Preview Content\"";
				DEVELOPMENT_TEAM = RUBB8S5NDD;
				ENABLE_HARDENED_RUNTIME = YES;
				ENABLE_PREVIEWS = YES;
				GENERATE_INFOPLIST_FILE = YES;
				"INFOPLIST_KEY_UIApplicationSceneManifest_Generation[sdk=iphoneos*]" = YES;
				"INFOPLIST_KEY_UIApplicationSceneManifest_Generation[sdk=iphonesimulator*]" = YES;
				"INFOPLIST_KEY_UIApplicationSupportsIndirectInputEvents[sdk=iphoneos*]" = YES;
				"INFOPLIST_KEY_UIApplicationSupportsIndirectInputEvents[sdk=iphonesimulator*]" = YES;
				"INFOPLIST_KEY_UILaunchScreen_Generation[sdk=iphoneos*]" = YES;
				"INFOPLIST_KEY_UILaunchScreen_Generation[sdk=iphonesimulator*]" = YES;
				"INFOPLIST_KEY_UIStatusBarStyle[sdk=iphoneos*]" = UIStatusBarStyleDefault;
				"INFOPLIST_KEY_UIStatusBarStyle[sdk=iphonesimulator*]" = UIStatusBarStyleDefault;
				INFOPLIST_KEY_UISupportedInterfaceOrientations = UIInterfaceOrientationPortrait;
				IPHONEOS_DEPLOYMENT_TARGET = 17.0;
				LD_RUNPATH_SEARCH_PATHS = "@executable_path/Frameworks";
				"LD_RUNPATH_SEARCH_PATHS[sdk=macosx*]" = "@executable_path/../Frameworks";
				MACOSX_DEPLOYMENT_TARGET = 14.0;
				MARKETING_VERSION = 1.0;
				PRODUCT_BUNDLE_IDENTIFIER = "jamie-auza.DessertRecipes";
				PRODUCT_NAME = "$(TARGET_NAME)";
				SDKROOT = auto;
				SUPPORTED_PLATFORMS = "iphoneos iphonesimulator";
				SUPPORTS_MACCATALYST = NO;
				SWIFT_EMIT_LOC_STRINGS = YES;
				SWIFT_VERSION = 5.0;
				TARGETED_DEVICE_FAMILY = "1,2";
			};
			name = Debug;
		};
		B0BB5A9B2BBB547F001B2427 /* Release */ = {
			isa = XCBuildConfiguration;
			buildSettings = {
				ASSETCATALOG_COMPILER_APPICON_NAME = AppIcon;
				ASSETCATALOG_COMPILER_GLOBAL_ACCENT_COLOR_NAME = AccentColor;
				CODE_SIGN_ENTITLEMENTS = DessertRecipes/DessertRecipes.entitlements;
				CODE_SIGN_STYLE = Automatic;
				CURRENT_PROJECT_VERSION = 1;
				DEVELOPMENT_ASSET_PATHS = "\"DessertRecipes/Preview Content\"";
				DEVELOPMENT_TEAM = RUBB8S5NDD;
				ENABLE_HARDENED_RUNTIME = YES;
				ENABLE_PREVIEWS = YES;
				GENERATE_INFOPLIST_FILE = YES;
				"INFOPLIST_KEY_UIApplicationSceneManifest_Generation[sdk=iphoneos*]" = YES;
				"INFOPLIST_KEY_UIApplicationSceneManifest_Generation[sdk=iphonesimulator*]" = YES;
				"INFOPLIST_KEY_UIApplicationSupportsIndirectInputEvents[sdk=iphoneos*]" = YES;
				"INFOPLIST_KEY_UIApplicationSupportsIndirectInputEvents[sdk=iphonesimulator*]" = YES;
				"INFOPLIST_KEY_UILaunchScreen_Generation[sdk=iphoneos*]" = YES;
				"INFOPLIST_KEY_UILaunchScreen_Generation[sdk=iphonesimulator*]" = YES;
				"INFOPLIST_KEY_UIStatusBarStyle[sdk=iphoneos*]" = UIStatusBarStyleDefault;
				"INFOPLIST_KEY_UIStatusBarStyle[sdk=iphonesimulator*]" = UIStatusBarStyleDefault;
				INFOPLIST_KEY_UISupportedInterfaceOrientations = UIInterfaceOrientationPortrait;
				IPHONEOS_DEPLOYMENT_TARGET = 17.0;
				LD_RUNPATH_SEARCH_PATHS = "@executable_path/Frameworks";
				"LD_RUNPATH_SEARCH_PATHS[sdk=macosx*]" = "@executable_path/../Frameworks";
				MACOSX_DEPLOYMENT_TARGET = 14.0;
				MARKETING_VERSION = 1.0;
				PRODUCT_BUNDLE_IDENTIFIER = "jamie-auza.DessertRecipes";
				PRODUCT_NAME = "$(TARGET_NAME)";
				SDKROOT = auto;
				SUPPORTED_PLATFORMS = "iphoneos iphonesimulator";
				SUPPORTS_MACCATALYST = NO;
				SWIFT_EMIT_LOC_STRINGS = YES;
				SWIFT_VERSION = 5.0;
				TARGETED_DEVICE_FAMILY = "1,2";
			};
			name = Release;
		};
/* End XCBuildConfiguration section */

/* Begin XCConfigurationList section */
		B0BB5A832BBB547C001B2427 /* Build configuration list for PBXProject "DessertRecipes" */ = {
			isa = XCConfigurationList;
			buildConfigurations = (
				B0BB5A972BBB547F001B2427 /* Debug */,
				B0BB5A982BBB547F001B2427 /* Release */,
			);
			defaultConfigurationIsVisible = 0;
			defaultConfigurationName = Release;
		};
		B0BB5A992BBB547F001B2427 /* Build configuration list for PBXNativeTarget "DessertRecipes" */ = {
			isa = XCConfigurationList;
			buildConfigurations = (
				B0BB5A9A2BBB547F001B2427 /* Debug */,
				B0BB5A9B2BBB547F001B2427 /* Release */,
			);
			defaultConfigurationIsVisible = 0;
			defaultConfigurationName = Release;
		};
/* End XCConfigurationList section */
	};
	rootObject = B0BB5A802BBB547C001B2427 /* Project object */;
}
